// !$*UTF8*$!
{
	archiveVersion = 1;
	classes = {
	};
	objectVersion = 48;
	objects = {

/* Begin PBXBuildFile section */
		5048AA181FA362D50072034B /* MailCoreSwift.swift in Sources */ = {isa = PBXBuildFile; fileRef = 5048AA171FA362D50072034B /* MailCoreSwift.swift */; };
		509B4DF91FA354EA0036D191 /* MailCoreMega.h in Headers */ = {isa = PBXBuildFile; fileRef = 509B4DF81FA354EA0036D191 /* MailCoreMega.h */; settings = {ATTRIBUTES = (Public, ); }; };
		50BFC38F1FA3398C00F9A4BF /* MailCoreSwift.h in Headers */ = {isa = PBXBuildFile; fileRef = 50BFC38D1FA3398C00F9A4BF /* MailCoreSwift.h */; settings = {ATTRIBUTES = (Public, ); }; };
		7E41B3D6219A4F1B753C0270 /* Pods_MailCoreSwift.framework in Frameworks */ = {isa = PBXBuildFile; fileRef = 941C45229A3C75E4E685F79D /* Pods_MailCoreSwift.framework */; };
/* End PBXBuildFile section */

/* Begin PBXFileReference section */
		5048AA171FA362D50072034B /* MailCoreSwift.swift */ = {isa = PBXFileReference; lastKnownFileType = sourcecode.swift; path = MailCoreSwift.swift; sourceTree = "<group>"; };
		509B4DF71FA352B80036D191 /* MailCoreSwift.modulemap */ = {isa = PBXFileReference; fileEncoding = 4; lastKnownFileType = "sourcecode.module-map"; path = MailCoreSwift.modulemap; sourceTree = "<group>"; };
		509B4DF81FA354EA0036D191 /* MailCoreMega.h */ = {isa = PBXFileReference; fileEncoding = 4; lastKnownFileType = sourcecode.c.h; path = MailCoreMega.h; sourceTree = "<group>"; };
		50BFC38A1FA3398C00F9A4BF /* MailCoreSwift.framework */ = {isa = PBXFileReference; explicitFileType = wrapper.framework; includeInIndex = 0; path = MailCoreSwift.framework; sourceTree = BUILT_PRODUCTS_DIR; };
		50BFC38D1FA3398C00F9A4BF /* MailCoreSwift.h */ = {isa = PBXFileReference; lastKnownFileType = sourcecode.c.h; path = MailCoreSwift.h; sourceTree = "<group>"; };
		50BFC38E1FA3398C00F9A4BF /* Info.plist */ = {isa = PBXFileReference; lastKnownFileType = text.plist.xml; path = Info.plist; sourceTree = "<group>"; };
		52D20C4D76C0436AC83E8D55 /* Pods-MailCoreSwift.release.xcconfig */ = {isa = PBXFileReference; includeInIndex = 1; lastKnownFileType = text.xcconfig; name = "Pods-MailCoreSwift.release.xcconfig"; path = "Pods/Target Support Files/Pods-MailCoreSwift/Pods-MailCoreSwift.release.xcconfig"; sourceTree = "<group>"; };
		8973354C77B397AA652596AE /* Pods-MailCoreSwift.debug.xcconfig */ = {isa = PBXFileReference; includeInIndex = 1; lastKnownFileType = text.xcconfig; name = "Pods-MailCoreSwift.debug.xcconfig"; path = "Pods/Target Support Files/Pods-MailCoreSwift/Pods-MailCoreSwift.debug.xcconfig"; sourceTree = "<group>"; };
		941C45229A3C75E4E685F79D /* Pods_MailCoreSwift.framework */ = {isa = PBXFileReference; explicitFileType = wrapper.framework; includeInIndex = 0; path = Pods_MailCoreSwift.framework; sourceTree = BUILT_PRODUCTS_DIR; };
/* End PBXFileReference section */

/* Begin PBXFrameworksBuildPhase section */
		50BFC3861FA3398C00F9A4BF /* Frameworks */ = {
			isa = PBXFrameworksBuildPhase;
			buildActionMask = 2147483647;
			files = (
				7E41B3D6219A4F1B753C0270 /* Pods_MailCoreSwift.framework in Frameworks */,
			);
			runOnlyForDeploymentPostprocessing = 0;
		};
/* End PBXFrameworksBuildPhase section */

/* Begin PBXGroup section */
		286C8450CDD5A0FFDF2F6826 /* Pods */ = {
			isa = PBXGroup;
			children = (
				8973354C77B397AA652596AE /* Pods-MailCoreSwift.debug.xcconfig */,
				52D20C4D76C0436AC83E8D55 /* Pods-MailCoreSwift.release.xcconfig */,
			);
			name = Pods;
			sourceTree = "<group>";
		};
		50BFC3801FA3398C00F9A4BF = {
			isa = PBXGroup;
			children = (
				50BFC38C1FA3398C00F9A4BF /* MailCoreSwift */,
				509B4DF71FA352B80036D191 /* MailCoreSwift.modulemap */,
				50BFC38B1FA3398C00F9A4BF /* Products */,
				286C8450CDD5A0FFDF2F6826 /* Pods */,
				9AD8BCAA2DA4026F78CA3215 /* Frameworks */,
			);
			sourceTree = "<group>";
		};
		50BFC38B1FA3398C00F9A4BF /* Products */ = {
			isa = PBXGroup;
			children = (
				50BFC38A1FA3398C00F9A4BF /* MailCoreSwift.framework */,
			);
			name = Products;
			sourceTree = "<group>";
		};
		50BFC38C1FA3398C00F9A4BF /* MailCoreSwift */ = {
			isa = PBXGroup;
			children = (
				509B4DF81FA354EA0036D191 /* MailCoreMega.h */,
				50BFC38D1FA3398C00F9A4BF /* MailCoreSwift.h */,
				50BFC38E1FA3398C00F9A4BF /* Info.plist */,
				5048AA171FA362D50072034B /* MailCoreSwift.swift */,
			);
			path = MailCoreSwift;
			sourceTree = "<group>";
		};
		9AD8BCAA2DA4026F78CA3215 /* Frameworks */ = {
			isa = PBXGroup;
			children = (
				941C45229A3C75E4E685F79D /* Pods_MailCoreSwift.framework */,
			);
			name = Frameworks;
			sourceTree = "<group>";
		};
/* End PBXGroup section */

/* Begin PBXHeadersBuildPhase section */
		50BFC3871FA3398C00F9A4BF /* Headers */ = {
			isa = PBXHeadersBuildPhase;
			buildActionMask = 2147483647;
			files = (
				509B4DF91FA354EA0036D191 /* MailCoreMega.h in Headers */,
				50BFC38F1FA3398C00F9A4BF /* MailCoreSwift.h in Headers */,
			);
			runOnlyForDeploymentPostprocessing = 0;
		};
/* End PBXHeadersBuildPhase section */

/* Begin PBXNativeTarget section */
		50BFC3891FA3398C00F9A4BF /* MailCoreSwift */ = {
			isa = PBXNativeTarget;
			buildConfigurationList = 50BFC3921FA3398C00F9A4BF /* Build configuration list for PBXNativeTarget "MailCoreSwift" */;
			buildPhases = (
				EE373693BF6715E79AE0EB84 /* [CP] Check Pods Manifest.lock */,
				505A1A551FA35B8C0073EB70 /* ShellScript */,
				50BFC3851FA3398C00F9A4BF /* Sources */,
				50BFC3861FA3398C00F9A4BF /* Frameworks */,
				50BFC3871FA3398C00F9A4BF /* Headers */,
				50BFC3881FA3398C00F9A4BF /* Resources */,
				9C98F50EEA34255E7F3B4787 /* [CP] Copy Pods Resources */,
			);
			buildRules = (
			);
			dependencies = (
			);
			name = MailCoreSwift;
			productName = MailCoreSwift;
			productReference = 50BFC38A1FA3398C00F9A4BF /* MailCoreSwift.framework */;
			productType = "com.apple.product-type.framework";
		};
/* End PBXNativeTarget section */

/* Begin PBXProject section */
		50BFC3811FA3398C00F9A4BF /* Project object */ = {
			isa = PBXProject;
			attributes = {
				LastUpgradeCheck = 0900;
				ORGANIZATIONNAME = "MobilityLab, LLC";
				TargetAttributes = {
					50BFC3891FA3398C00F9A4BF = {
						CreatedOnToolsVersion = 9.0;
						LastSwiftMigration = 0900;
						ProvisioningStyle = Automatic;
					};
				};
			};
			buildConfigurationList = 50BFC3841FA3398C00F9A4BF /* Build configuration list for PBXProject "MailCoreSwift" */;
			compatibilityVersion = "Xcode 8.0";
			developmentRegion = en;
			hasScannedForEncodings = 0;
			knownRegions = (
				en,
			);
			mainGroup = 50BFC3801FA3398C00F9A4BF;
			productRefGroup = 50BFC38B1FA3398C00F9A4BF /* Products */;
			projectDirPath = "";
			projectRoot = "";
			targets = (
				50BFC3891FA3398C00F9A4BF /* MailCoreSwift */,
			);
		};
/* End PBXProject section */

/* Begin PBXResourcesBuildPhase section */
		50BFC3881FA3398C00F9A4BF /* Resources */ = {
			isa = PBXResourcesBuildPhase;
			buildActionMask = 2147483647;
			files = (
			);
			runOnlyForDeploymentPostprocessing = 0;
		};
/* End PBXResourcesBuildPhase section */

/* Begin PBXShellScriptBuildPhase section */
		505A1A551FA35B8C0073EB70 /* ShellScript */ = {
			isa = PBXShellScriptBuildPhase;
			buildActionMask = 2147483647;
			files = (
			);
			inputPaths = (
			);
			outputPaths = (
			);
			runOnlyForDeploymentPostprocessing = 0;
			shellPath = /bin/sh;
			shellScript = "clang \"$PODS_ROOT/Headers/Public/mailcore2-ios/MailCore/MailCore.h\" -ObjC --preprocess --no-line-commands -nostdinc --include-directory \"$PODS_ROOT/Headers/Public/mailcore2-ios\" --include-directory \"$SRCROOT/MailCoreSwift/system\" -o \"$SRCROOT/MailCoreSwift/MailCoreMega.h\"";
		};
		9C98F50EEA34255E7F3B4787 /* [CP] Copy Pods Resources */ = {
			isa = PBXShellScriptBuildPhase;
			buildActionMask = 2147483647;
			files = (
			);
			inputPaths = (
			);
			name = "[CP] Copy Pods Resources";
			outputPaths = (
			);
			runOnlyForDeploymentPostprocessing = 0;
			shellPath = /bin/sh;
			shellScript = "\"${SRCROOT}/Pods/Target Support Files/Pods-MailCoreSwift/Pods-MailCoreSwift-resources.sh\"\n";
			showEnvVarsInLog = 0;
		};
		EE373693BF6715E79AE0EB84 /* [CP] Check Pods Manifest.lock */ = {
			isa = PBXShellScriptBuildPhase;
			buildActionMask = 2147483647;
			files = (
			);
			inputPaths = (
				"${PODS_PODFILE_DIR_PATH}/Podfile.lock",
				"${PODS_ROOT}/Manifest.lock",
			);
			name = "[CP] Check Pods Manifest.lock";
			outputPaths = (
				"$(DERIVED_FILE_DIR)/Pods-MailCoreSwift-checkManifestLockResult.txt",
			);
			runOnlyForDeploymentPostprocessing = 0;
			shellPath = /bin/sh;
			shellScript = "diff \"${PODS_PODFILE_DIR_PATH}/Podfile.lock\" \"${PODS_ROOT}/Manifest.lock\" > /dev/null\nif [ $? != 0 ] ; then\n    # print error to STDERR\n    echo \"error: The sandbox is not in sync with the Podfile.lock. Run 'pod install' or update your CocoaPods installation.\" >&2\n    exit 1\nfi\n# This output is used by Xcode 'outputs' to avoid re-running this script phase.\necho \"SUCCESS\" > \"${SCRIPT_OUTPUT_FILE_0}\"\n";
			showEnvVarsInLog = 0;
		};
/* End PBXShellScriptBuildPhase section */

/* Begin PBXSourcesBuildPhase section */
		50BFC3851FA3398C00F9A4BF /* Sources */ = {
			isa = PBXSourcesBuildPhase;
			buildActionMask = 2147483647;
			files = (
				5048AA181FA362D50072034B /* MailCoreSwift.swift in Sources */,
			);
			runOnlyForDeploymentPostprocessing = 0;
		};
/* End PBXSourcesBuildPhase section */

/* Begin XCBuildConfiguration section */
		50BFC3901FA3398C00F9A4BF /* Debug */ = {
			isa = XCBuildConfiguration;
			buildSettings = {
				ALWAYS_SEARCH_USER_PATHS = NO;
				CLANG_ANALYZER_NONNULL = YES;
				CLANG_ANALYZER_NUMBER_OBJECT_CONVERSION = YES_AGGRESSIVE;
				CLANG_CXX_LANGUAGE_STANDARD = "gnu++14";
				CLANG_CXX_LIBRARY = "libc++";
				CLANG_ENABLE_MODULES = YES;
				CLANG_ENABLE_OBJC_ARC = YES;
				CLANG_WARN_BLOCK_CAPTURE_AUTORELEASING = YES;
				CLANG_WARN_BOOL_CONVERSION = YES;
				CLANG_WARN_COMMA = YES;
				CLANG_WARN_CONSTANT_CONVERSION = YES;
				CLANG_WARN_DIRECT_OBJC_ISA_USAGE = YES_ERROR;
				CLANG_WARN_DOCUMENTATION_COMMENTS = YES;
				CLANG_WARN_EMPTY_BODY = YES;
				CLANG_WARN_ENUM_CONVERSION = YES;
				CLANG_WARN_INFINITE_RECURSION = YES;
				CLANG_WARN_INT_CONVERSION = YES;
				CLANG_WARN_NON_LITERAL_NULL_CONVERSION = YES;
				CLANG_WARN_OBJC_LITERAL_CONVERSION = YES;
				CLANG_WARN_OBJC_ROOT_CLASS = YES_ERROR;
				CLANG_WARN_RANGE_LOOP_ANALYSIS = YES;
				CLANG_WARN_STRICT_PROTOTYPES = YES;
				CLANG_WARN_SUSPICIOUS_MOVE = YES;
				CLANG_WARN_UNGUARDED_AVAILABILITY = YES_AGGRESSIVE;
				CLANG_WARN_UNREACHABLE_CODE = YES;
				CLANG_WARN__DUPLICATE_METHOD_MATCH = YES;
				CODE_SIGN_IDENTITY = "iPhone Developer";
				COPY_PHASE_STRIP = NO;
				CURRENT_PROJECT_VERSION = 1;
				DEBUG_INFORMATION_FORMAT = dwarf;
				ENABLE_STRICT_OBJC_MSGSEND = YES;
				ENABLE_TESTABILITY = YES;
				GCC_C_LANGUAGE_STANDARD = gnu11;
				GCC_DYNAMIC_NO_PIC = NO;
				GCC_NO_COMMON_BLOCKS = YES;
				GCC_OPTIMIZATION_LEVEL = 0;
				GCC_PREPROCESSOR_DEFINITIONS = (
					"DEBUG=1",
					"$(inherited)",
				);
				GCC_WARN_64_TO_32_BIT_CONVERSION = YES;
				GCC_WARN_ABOUT_RETURN_TYPE = YES_ERROR;
				GCC_WARN_UNDECLARED_SELECTOR = YES;
				GCC_WARN_UNINITIALIZED_AUTOS = YES_AGGRESSIVE;
				GCC_WARN_UNUSED_FUNCTION = YES;
				GCC_WARN_UNUSED_VARIABLE = YES;
				IPHONEOS_DEPLOYMENT_TARGET = 11.0;
				MTL_ENABLE_DEBUG_INFO = YES;
				ONLY_ACTIVE_ARCH = YES;
				SDKROOT = iphoneos;
				SWIFT_ACTIVE_COMPILATION_CONDITIONS = DEBUG;
				SWIFT_OPTIMIZATION_LEVEL = "-Onone";
				VERSIONING_SYSTEM = "apple-generic";
				VERSION_INFO_PREFIX = "";
			};
			name = Debug;
		};
		50BFC3911FA3398C00F9A4BF /* Release */ = {
			isa = XCBuildConfiguration;
			buildSettings = {
				ALWAYS_SEARCH_USER_PATHS = NO;
				CLANG_ANALYZER_NONNULL = YES;
				CLANG_ANALYZER_NUMBER_OBJECT_CONVERSION = YES_AGGRESSIVE;
				CLANG_CXX_LANGUAGE_STANDARD = "gnu++14";
				CLANG_CXX_LIBRARY = "libc++";
				CLANG_ENABLE_MODULES = YES;
				CLANG_ENABLE_OBJC_ARC = YES;
				CLANG_WARN_BLOCK_CAPTURE_AUTORELEASING = YES;
				CLANG_WARN_BOOL_CONVERSION = YES;
				CLANG_WARN_COMMA = YES;
				CLANG_WARN_CONSTANT_CONVERSION = YES;
				CLANG_WARN_DIRECT_OBJC_ISA_USAGE = YES_ERROR;
				CLANG_WARN_DOCUMENTATION_COMMENTS = YES;
				CLANG_WARN_EMPTY_BODY = YES;
				CLANG_WARN_ENUM_CONVERSION = YES;
				CLANG_WARN_INFINITE_RECURSION = YES;
				CLANG_WARN_INT_CONVERSION = YES;
				CLANG_WARN_NON_LITERAL_NULL_CONVERSION = YES;
				CLANG_WARN_OBJC_LITERAL_CONVERSION = YES;
				CLANG_WARN_OBJC_ROOT_CLASS = YES_ERROR;
				CLANG_WARN_RANGE_LOOP_ANALYSIS = YES;
				CLANG_WARN_STRICT_PROTOTYPES = YES;
				CLANG_WARN_SUSPICIOUS_MOVE = YES;
				CLANG_WARN_UNGUARDED_AVAILABILITY = YES_AGGRESSIVE;
				CLANG_WARN_UNREACHABLE_CODE = YES;
				CLANG_WARN__DUPLICATE_METHOD_MATCH = YES;
				CODE_SIGN_IDENTITY = "iPhone Developer";
				COPY_PHASE_STRIP = NO;
				CURRENT_PROJECT_VERSION = 1;
				DEBUG_INFORMATION_FORMAT = "dwarf-with-dsym";
				ENABLE_NS_ASSERTIONS = NO;
				ENABLE_STRICT_OBJC_MSGSEND = YES;
				GCC_C_LANGUAGE_STANDARD = gnu11;
				GCC_NO_COMMON_BLOCKS = YES;
				GCC_WARN_64_TO_32_BIT_CONVERSION = YES;
				GCC_WARN_ABOUT_RETURN_TYPE = YES_ERROR;
				GCC_WARN_UNDECLARED_SELECTOR = YES;
				GCC_WARN_UNINITIALIZED_AUTOS = YES_AGGRESSIVE;
				GCC_WARN_UNUSED_FUNCTION = YES;
				GCC_WARN_UNUSED_VARIABLE = YES;
				IPHONEOS_DEPLOYMENT_TARGET = 11.0;
				MTL_ENABLE_DEBUG_INFO = NO;
				SDKROOT = iphoneos;
				SWIFT_OPTIMIZATION_LEVEL = "-Owholemodule";
				VALIDATE_PRODUCT = YES;
				VERSIONING_SYSTEM = "apple-generic";
				VERSION_INFO_PREFIX = "";
			};
			name = Release;
		};
		50BFC3931FA3398C00F9A4BF /* Debug */ = {
			isa = XCBuildConfiguration;
			baseConfigurationReference = 8973354C77B397AA652596AE /* Pods-MailCoreSwift.debug.xcconfig */;
			buildSettings = {
				CLANG_ENABLE_MODULES = YES;
				CODE_SIGN_IDENTITY = "";
				CODE_SIGN_STYLE = Automatic;
				DEFINES_MODULE = YES;
				DEVELOPMENT_TEAM = 2L8LHEFPZ6;
				DYLIB_COMPATIBILITY_VERSION = 1;
				DYLIB_CURRENT_VERSION = 1;
				DYLIB_INSTALL_NAME_BASE = "@rpath";
				INFOPLIST_FILE = MailCoreSwift/Info.plist;
				INSTALL_PATH = "$(LOCAL_LIBRARY_DIR)/Frameworks";
				LD_RUNPATH_SEARCH_PATHS = "$(inherited) @executable_path/Frameworks @loader_path/Frameworks";
				MODULEMAP_FILE = $SRCROOT/MailCoreSwift.modulemap;
				PRODUCT_BUNDLE_IDENTIFIER = com.mobilitylab.MailCoreSwift;
				PRODUCT_NAME = "$(TARGET_NAME:c99extidentifier)";
				SKIP_INSTALL = YES;
				SWIFT_OPTIMIZATION_LEVEL = "-Onone";
				SWIFT_VERSION = 4.0;
				TARGETED_DEVICE_FAMILY = "1,2";
			};
			name = Debug;
		};
		50BFC3941FA3398C00F9A4BF /* Release */ = {
			isa = XCBuildConfiguration;
			baseConfigurationReference = 52D20C4D76C0436AC83E8D55 /* Pods-MailCoreSwift.release.xcconfig */;
			buildSettings = {
				CLANG_ENABLE_MODULES = YES;
				CODE_SIGN_IDENTITY = "";
				CODE_SIGN_STYLE = Automatic;
				DEFINES_MODULE = YES;
				DEVELOPMENT_TEAM = 2L8LHEFPZ6;
				DYLIB_COMPATIBILITY_VERSION = 1;
				DYLIB_CURRENT_VERSION = 1;
				DYLIB_INSTALL_NAME_BASE = "@rpath";
				INFOPLIST_FILE = MailCoreSwift/Info.plist;
				INSTALL_PATH = "$(LOCAL_LIBRARY_DIR)/Frameworks";
				LD_RUNPATH_SEARCH_PATHS = "$(inherited) @executable_path/Frameworks @loader_path/Frameworks";
				MODULEMAP_FILE = $SRCROOT/MailCoreSwift.modulemap;
				PRODUCT_BUNDLE_IDENTIFIER = com.mobilitylab.MailCoreSwift;
				PRODUCT_NAME = "$(TARGET_NAME:c99extidentifier)";
				SKIP_INSTALL = YES;
				SWIFT_VERSION = 4.0;
				TARGETED_DEVICE_FAMILY = "1,2";
			};
			name = Release;
		};
/* End XCBuildConfiguration section */

/* Begin XCConfigurationList section */
		50BFC3841FA3398C00F9A4BF /* Build configuration list for PBXProject "MailCoreSwift" */ = {
			isa = XCConfigurationList;
			buildConfigurations = (
				50BFC3901FA3398C00F9A4BF /* Debug */,
				50BFC3911FA3398C00F9A4BF /* Release */,
			);
			defaultConfigurationIsVisible = 0;
			defaultConfigurationName = Release;
		};
		50BFC3921FA3398C00F9A4BF /* Build configuration list for PBXNativeTarget "MailCoreSwift" */ = {
			isa = XCConfigurationList;
			buildConfigurations = (
				50BFC3931FA3398C00F9A4BF /* Debug */,
				50BFC3941FA3398C00F9A4BF /* Release */,
			);
			defaultConfigurationIsVisible = 0;
			defaultConfigurationName = Release;
		};
/* End XCConfigurationList section */
	};
	rootObject = 50BFC3811FA3398C00F9A4BF /* Project object */;
}
